
Microsoft Visual Studio Solution File, Format Version 12.00
# Visual Studio Version 17
VisualStudioVersion = 17.8.34601.278
MinimumVisualStudioVersion = 10.0.40219.1
Project("{FAE04EC0-301F-11D3-BF4B-00C04F79EFBC}") = "CustomerManagementSystemAPI", "CustomerManagementSystemAPI.csproj", "{A8B80F42-DC35-47B0-8F0D-FA34135F9147}"
EndProject
Global
	GlobalSection(SolutionConfigurationPlatforms) = preSolution
		Debug|Any CPU = Debug|Any CPU
		Release|Any CPU = Release|Any CPU
	EndGlobalSection
	GlobalSection(ProjectConfigurationPlatforms) = postSolution
		{A8B80F42-DC35-47B0-8F0D-FA34135F9147}.Debug|Any CPU.ActiveCfg = Debug|Any CPU
		{A8B80F42-DC35-47B0-8F0D-FA34135F9147}.Debug|Any CPU.Build.0 = Debug|Any CPU
		{A8B80F42-DC35-47B0-8F0D-FA34135F9147}.Release|Any CPU.ActiveCfg = Release|Any CPU
		{A8B80F42-DC35-47B0-8F0D-FA34135F9147}.Release|Any CPU.Build.0 = Release|Any CPU
	EndGlobalSection
	GlobalSection(SolutionProperties) = preSolution
		HideSolutionNode = FALSE
	EndGlobalSection
	GlobalSection(ExtensibilityGlobals) = postSolution
		SolutionGuid = {8872FC11-59D1-4F6D-B8BC-A95EBDAA87E7}
	EndGlobalSection
EndGlobal
